
Microsoft Visual Studio Solution File, Format Version 12.00
# Visual Studio Version 17
VisualStudioVersion = 17.9.34723.18
MinimumVisualStudioVersion = 10.0.40219.1
Project("{FAE04EC0-301F-11D3-BF4B-00C04F79EFBC}") = "BucketSharkAPI", "BucketSharkAPI\BucketSharkAPI.csproj", "{48F54241-5B57-49EF-8B7A-F1C76878E15A}"
EndProject
Global
	GlobalSection(SolutionConfigurationPlatforms) = preSolution
		Debug|Any CPU = Debug|Any CPU
		Release|Any CPU = Release|Any CPU
	EndGlobalSection
	GlobalSection(ProjectConfigurationPlatforms) = postSolution
		{48F54241-5B57-49EF-8B7A-F1C76878E15A}.Debug|Any CPU.ActiveCfg = Debug|Any CPU
		{48F54241-5B57-49EF-8B7A-F1C76878E15A}.Debug|Any CPU.Build.0 = Debug|Any CPU
		{48F54241-5B57-49EF-8B7A-F1C76878E15A}.Release|Any CPU.ActiveCfg = Release|Any CPU
		{48F54241-5B57-49EF-8B7A-F1C76878E15A}.Release|Any CPU.Build.0 = Release|Any CPU
	EndGlobalSection
	GlobalSection(SolutionProperties) = preSolution
		HideSolutionNode = FALSE
	EndGlobalSection
	GlobalSection(ExtensibilityGlobals) = postSolution
		SolutionGuid = {0498E286-E80D-4729-8B66-2F1958E1D5D5}
	EndGlobalSection
EndGlobal
